
Microsoft Visual Studio Solution File, Format Version 12.00
# Visual Studio 15
VisualStudioVersion = 15.0.27130.2010
MinimumVisualStudioVersion = 10.0.40219.1
Project("{FAE04EC0-301F-11D3-BF4B-00C04F79EFBC}") = "TalUtils", "TalUtils\TalUtils.csproj", "{C172ED60-5307-47B2-A243-C2E864870608}"
EndProject
Project("{FAE04EC0-301F-11D3-BF4B-00C04F79EFBC}") = "PicPickWpf", "PicPickWpf\PicPickWpf.csproj", "{9FE40C84-6BEA-4A36-88E3-6FDC98C3D827}"
EndProject
Project("{FAE04EC0-301F-11D3-BF4B-00C04F79EFBC}") = "PicPickEngine", "PicPickEngine\PicPickEngine.csproj", "{BAD96848-E666-43B0-B1B0-0DEF317025FB}"
EndProject
Global
	GlobalSection(SolutionConfigurationPlatforms) = preSolution
		Debug|Any CPU = Debug|Any CPU
		Release|Any CPU = Release|Any CPU
	EndGlobalSection
	GlobalSection(ProjectConfigurationPlatforms) = postSolution
		{C172ED60-5307-47B2-A243-C2E864870608}.Debug|Any CPU.ActiveCfg = Debug|Any CPU
		{C172ED60-5307-47B2-A243-C2E864870608}.Debug|Any CPU.Build.0 = Debug|Any CPU
		{C172ED60-5307-47B2-A243-C2E864870608}.Release|Any CPU.ActiveCfg = Release|Any CPU
		{C172ED60-5307-47B2-A243-C2E864870608}.Release|Any CPU.Build.0 = Release|Any CPU
		{9FE40C84-6BEA-4A36-88E3-6FDC98C3D827}.Debug|Any CPU.ActiveCfg = Debug|Any CPU
		{9FE40C84-6BEA-4A36-88E3-6FDC98C3D827}.Debug|Any CPU.Build.0 = Debug|Any CPU
		{9FE40C84-6BEA-4A36-88E3-6FDC98C3D827}.Release|Any CPU.ActiveCfg = Release|Any CPU
		{9FE40C84-6BEA-4A36-88E3-6FDC98C3D827}.Release|Any CPU.Build.0 = Release|Any CPU
		{BAD96848-E666-43B0-B1B0-0DEF317025FB}.Debug|Any CPU.ActiveCfg = Debug|Any CPU
		{BAD96848-E666-43B0-B1B0-0DEF317025FB}.Debug|Any CPU.Build.0 = Debug|Any CPU
		{BAD96848-E666-43B0-B1B0-0DEF317025FB}.Release|Any CPU.ActiveCfg = Release|Any CPU
		{BAD96848-E666-43B0-B1B0-0DEF317025FB}.Release|Any CPU.Build.0 = Release|Any CPU
	EndGlobalSection
	GlobalSection(SolutionProperties) = preSolution
		HideSolutionNode = FALSE
	EndGlobalSection
	GlobalSection(ExtensibilityGlobals) = postSolution
		SolutionGuid = {78C220CA-FC11-4E10-8990-52ED1328FBEC}
	EndGlobalSection
EndGlobal
