
Microsoft Visual Studio Solution File, Format Version 12.00
# Visual Studio Version 16
VisualStudioVersion = 16.0.29503.13
MinimumVisualStudioVersion = 10.0.40219.1
Project("{FAE04EC0-301F-11D3-BF4B-00C04F79EFBC}") = "TalUtils", "TalUtils\TalUtils.csproj", "{C172ED60-5307-47B2-A243-C2E864870608}"
EndProject
Project("{FAE04EC0-301F-11D3-BF4B-00C04F79EFBC}") = "PicPickWpf", "PicPickWpf\PicPickWpf.csproj", "{9FE40C84-6BEA-4A36-88E3-6FDC98C3D827}"
EndProject
Project("{FAE04EC0-301F-11D3-BF4B-00C04F79EFBC}") = "PicPickEngine", "PicPickEngine\PicPickEngine.csproj", "{BAD96848-E666-43B0-B1B0-0DEF317025FB}"
EndProject
Project("{FAE04EC0-301F-11D3-BF4B-00C04F79EFBC}") = "PicPick.UnitTests", "PicPick.UnitTests\PicPick.UnitTests.csproj", "{BAC62E70-3CDA-4273-AC54-E889BFAE1007}"
EndProject
Project("{930C7802-8A8C-48F9-8165-68863BCCD9DD}") = "PicPickWix", "PicPickWix\PicPickWix.wixproj", "{E4CCB3CC-6D96-475F-9EDF-63EE1439F092}"
EndProject
Project("{54435603-DBB4-11D2-8724-00A0C9A8B90C}") = "PicPickSetupTest", "PicPickSetupTest\PicPickSetupTest.vdproj", "{C48B74CF-035F-4A61-BC99-B0A20BA125DD}"
EndProject
Global
	GlobalSection(SolutionConfigurationPlatforms) = preSolution
		Debug|Any CPU = Debug|Any CPU
		Debug|x86 = Debug|x86
		Release|Any CPU = Release|Any CPU
		Release|x86 = Release|x86
	EndGlobalSection
	GlobalSection(ProjectConfigurationPlatforms) = postSolution
		{C172ED60-5307-47B2-A243-C2E864870608}.Debug|Any CPU.ActiveCfg = Debug|Any CPU
		{C172ED60-5307-47B2-A243-C2E864870608}.Debug|Any CPU.Build.0 = Debug|Any CPU
		{C172ED60-5307-47B2-A243-C2E864870608}.Debug|x86.ActiveCfg = Debug|Any CPU
		{C172ED60-5307-47B2-A243-C2E864870608}.Debug|x86.Build.0 = Debug|Any CPU
		{C172ED60-5307-47B2-A243-C2E864870608}.Release|Any CPU.ActiveCfg = Release|Any CPU
		{C172ED60-5307-47B2-A243-C2E864870608}.Release|Any CPU.Build.0 = Release|Any CPU
		{C172ED60-5307-47B2-A243-C2E864870608}.Release|x86.ActiveCfg = Release|Any CPU
		{C172ED60-5307-47B2-A243-C2E864870608}.Release|x86.Build.0 = Release|Any CPU
		{9FE40C84-6BEA-4A36-88E3-6FDC98C3D827}.Debug|Any CPU.ActiveCfg = Debug|Any CPU
		{9FE40C84-6BEA-4A36-88E3-6FDC98C3D827}.Debug|Any CPU.Build.0 = Debug|Any CPU
		{9FE40C84-6BEA-4A36-88E3-6FDC98C3D827}.Debug|x86.ActiveCfg = Debug|Any CPU
		{9FE40C84-6BEA-4A36-88E3-6FDC98C3D827}.Debug|x86.Build.0 = Debug|Any CPU
		{9FE40C84-6BEA-4A36-88E3-6FDC98C3D827}.Release|Any CPU.ActiveCfg = Release|Any CPU
		{9FE40C84-6BEA-4A36-88E3-6FDC98C3D827}.Release|Any CPU.Build.0 = Release|Any CPU
		{9FE40C84-6BEA-4A36-88E3-6FDC98C3D827}.Release|x86.ActiveCfg = Release|Any CPU
		{9FE40C84-6BEA-4A36-88E3-6FDC98C3D827}.Release|x86.Build.0 = Release|Any CPU
		{BAD96848-E666-43B0-B1B0-0DEF317025FB}.Debug|Any CPU.ActiveCfg = Debug|Any CPU
		{BAD96848-E666-43B0-B1B0-0DEF317025FB}.Debug|Any CPU.Build.0 = Debug|Any CPU
		{BAD96848-E666-43B0-B1B0-0DEF317025FB}.Debug|x86.ActiveCfg = Debug|Any CPU
		{BAD96848-E666-43B0-B1B0-0DEF317025FB}.Debug|x86.Build.0 = Debug|Any CPU
		{BAD96848-E666-43B0-B1B0-0DEF317025FB}.Release|Any CPU.ActiveCfg = Release|Any CPU
		{BAD96848-E666-43B0-B1B0-0DEF317025FB}.Release|Any CPU.Build.0 = Release|Any CPU
		{BAD96848-E666-43B0-B1B0-0DEF317025FB}.Release|x86.ActiveCfg = Release|Any CPU
		{BAD96848-E666-43B0-B1B0-0DEF317025FB}.Release|x86.Build.0 = Release|Any CPU
		{BAC62E70-3CDA-4273-AC54-E889BFAE1007}.Debug|Any CPU.ActiveCfg = Debug|Any CPU
		{BAC62E70-3CDA-4273-AC54-E889BFAE1007}.Debug|Any CPU.Build.0 = Debug|Any CPU
		{BAC62E70-3CDA-4273-AC54-E889BFAE1007}.Debug|x86.ActiveCfg = Debug|Any CPU
		{BAC62E70-3CDA-4273-AC54-E889BFAE1007}.Debug|x86.Build.0 = Debug|Any CPU
		{BAC62E70-3CDA-4273-AC54-E889BFAE1007}.Release|Any CPU.ActiveCfg = Release|Any CPU
		{BAC62E70-3CDA-4273-AC54-E889BFAE1007}.Release|x86.ActiveCfg = Release|Any CPU
		{BAC62E70-3CDA-4273-AC54-E889BFAE1007}.Release|x86.Build.0 = Release|Any CPU
		{E4CCB3CC-6D96-475F-9EDF-63EE1439F092}.Debug|Any CPU.ActiveCfg = Debug|x86
		{E4CCB3CC-6D96-475F-9EDF-63EE1439F092}.Debug|x86.ActiveCfg = Debug|x86
		{E4CCB3CC-6D96-475F-9EDF-63EE1439F092}.Debug|x86.Build.0 = Debug|x86
		{E4CCB3CC-6D96-475F-9EDF-63EE1439F092}.Release|Any CPU.ActiveCfg = Release|x86
		{E4CCB3CC-6D96-475F-9EDF-63EE1439F092}.Release|x86.ActiveCfg = Release|x86
		{E4CCB3CC-6D96-475F-9EDF-63EE1439F092}.Release|x86.Build.0 = Release|x86
		{C48B74CF-035F-4A61-BC99-B0A20BA125DD}.Debug|Any CPU.ActiveCfg = Debug
		{C48B74CF-035F-4A61-BC99-B0A20BA125DD}.Debug|x86.ActiveCfg = Debug
		{C48B74CF-035F-4A61-BC99-B0A20BA125DD}.Release|Any CPU.ActiveCfg = Release
		{C48B74CF-035F-4A61-BC99-B0A20BA125DD}.Release|Any CPU.Build.0 = Release
		{C48B74CF-035F-4A61-BC99-B0A20BA125DD}.Release|x86.ActiveCfg = Release
	EndGlobalSection
	GlobalSection(SolutionProperties) = preSolution
		HideSolutionNode = FALSE
	EndGlobalSection
	GlobalSection(ExtensibilityGlobals) = postSolution
		SolutionGuid = {78C220CA-FC11-4E10-8990-52ED1328FBEC}
	EndGlobalSection
EndGlobal
